
Microsoft Visual Studio Solution File, Format Version 12.00
# Visual Studio Version 16
VisualStudioVersion = 16.0.30717.126
MinimumVisualStudioVersion = 10.0.40219.1
Project("{888888A0-9F3D-457C-B088-3A5042F75D52}") = "python_test", "python_test\python_test.pyproj", "{3D9A408C-EE7A-4548-AC36-DD84FAE93D3B}"
EndProject
Global
	GlobalSection(SolutionConfigurationPlatforms) = preSolution
		Debug|Any CPU = Debug|Any CPU
		Release|Any CPU = Release|Any CPU
	EndGlobalSection
	GlobalSection(ProjectConfigurationPlatforms) = postSolution
		{3D9A408C-EE7A-4548-AC36-DD84FAE93D3B}.Debug|Any CPU.ActiveCfg = Debug|Any CPU
		{3D9A408C-EE7A-4548-AC36-DD84FAE93D3B}.Release|Any CPU.ActiveCfg = Release|Any CPU
	EndGlobalSection
	GlobalSection(SolutionProperties) = preSolution
		HideSolutionNode = FALSE
	EndGlobalSection
	GlobalSection(ExtensibilityGlobals) = postSolution
		SolutionGuid = {F7DF08B1-83E2-4598-88CD-90451B2F17DE}
	EndGlobalSection
EndGlobal
